
Microsoft Visual Studio Solution File, Format Version 12.00
# Visual Studio Version 17
VisualStudioVersion = 17.2.32630.192
MinimumVisualStudioVersion = 10.0.40219.1
Project("{FAE04EC0-301F-11D3-BF4B-00C04F79EFBC}") = "Authenticationweb", "Authenticationweb\Authenticationweb.csproj", "{6252EC19-FAAF-4F0D-A226-B432DC15D413}"
EndProject
Global
	GlobalSection(SolutionConfigurationPlatforms) = preSolution
		Debug|Any CPU = Debug|Any CPU
		Release|Any CPU = Release|Any CPU
	EndGlobalSection
	GlobalSection(ProjectConfigurationPlatforms) = postSolution
		{6252EC19-FAAF-4F0D-A226-B432DC15D413}.Debug|Any CPU.ActiveCfg = Debug|Any CPU
		{6252EC19-FAAF-4F0D-A226-B432DC15D413}.Debug|Any CPU.Build.0 = Debug|Any CPU
		{6252EC19-FAAF-4F0D-A226-B432DC15D413}.Release|Any CPU.ActiveCfg = Release|Any CPU
		{6252EC19-FAAF-4F0D-A226-B432DC15D413}.Release|Any CPU.Build.0 = Release|Any CPU
	EndGlobalSection
	GlobalSection(SolutionProperties) = preSolution
		HideSolutionNode = FALSE
	EndGlobalSection
	GlobalSection(ExtensibilityGlobals) = postSolution
		SolutionGuid = {4DB8DC6D-CF13-4968-8079-DA5152478A6C}
	EndGlobalSection
EndGlobal
