
Microsoft Visual Studio Solution File, Format Version 12.00
# Visual Studio Version 17
VisualStudioVersion = 17.2.32630.192
MinimumVisualStudioVersion = 10.0.40219.1
Project("{9A19103F-16F7-4668-BE54-9A1E7A4F7556}") = "WebApplication1", "WebApplication1\WebApplication1.csproj", "{84FFF4B4-ED7C-4B18-BB42-2FC21C14D86F}"
EndProject
Global
	GlobalSection(SolutionConfigurationPlatforms) = preSolution
		Debug|Any CPU = Debug|Any CPU
		Release|Any CPU = Release|Any CPU
	EndGlobalSection
	GlobalSection(ProjectConfigurationPlatforms) = postSolution
		{84FFF4B4-ED7C-4B18-BB42-2FC21C14D86F}.Debug|Any CPU.ActiveCfg = Debug|Any CPU
		{84FFF4B4-ED7C-4B18-BB42-2FC21C14D86F}.Debug|Any CPU.Build.0 = Debug|Any CPU
		{84FFF4B4-ED7C-4B18-BB42-2FC21C14D86F}.Release|Any CPU.ActiveCfg = Release|Any CPU
		{84FFF4B4-ED7C-4B18-BB42-2FC21C14D86F}.Release|Any CPU.Build.0 = Release|Any CPU
	EndGlobalSection
	GlobalSection(SolutionProperties) = preSolution
		HideSolutionNode = FALSE
	EndGlobalSection
	GlobalSection(ExtensibilityGlobals) = postSolution
		SolutionGuid = {BE173224-AE51-4846-AF31-EED0D12AF24C}
	EndGlobalSection
EndGlobal
