
Microsoft Visual Studio Solution File, Format Version 12.00
# Visual Studio Version 17
VisualStudioVersion = 17.2.32630.192
MinimumVisualStudioVersion = 10.0.40219.1
Project("{FAE04EC0-301F-11D3-BF4B-00C04F79EFBC}") = "admissioncheck", "admissioncheck\admissioncheck.csproj", "{5A875D30-4BD1-4624-A78D-6A60A1E5802B}"
EndProject
Global
	GlobalSection(SolutionConfigurationPlatforms) = preSolution
		Debug|Any CPU = Debug|Any CPU
		Release|Any CPU = Release|Any CPU
	EndGlobalSection
	GlobalSection(ProjectConfigurationPlatforms) = postSolution
		{5A875D30-4BD1-4624-A78D-6A60A1E5802B}.Debug|Any CPU.ActiveCfg = Debug|Any CPU
		{5A875D30-4BD1-4624-A78D-6A60A1E5802B}.Debug|Any CPU.Build.0 = Debug|Any CPU
		{5A875D30-4BD1-4624-A78D-6A60A1E5802B}.Release|Any CPU.ActiveCfg = Release|Any CPU
		{5A875D30-4BD1-4624-A78D-6A60A1E5802B}.Release|Any CPU.Build.0 = Release|Any CPU
	EndGlobalSection
	GlobalSection(SolutionProperties) = preSolution
		HideSolutionNode = FALSE
	EndGlobalSection
	GlobalSection(ExtensibilityGlobals) = postSolution
		SolutionGuid = {740AFE01-FC44-4479-867E-D2C76FEBB7DD}
	EndGlobalSection
EndGlobal
