
Microsoft Visual Studio Solution File, Format Version 12.00
# Visual Studio Version 17
VisualStudioVersion = 17.2.32630.192
MinimumVisualStudioVersion = 10.0.40219.1
Project("{FAE04EC0-301F-11D3-BF4B-00C04F79EFBC}") = "24aug", "24aug\24aug.csproj", "{58E38860-4FC0-4086-ADE7-4158C41E655E}"
EndProject
Global
	GlobalSection(SolutionConfigurationPlatforms) = preSolution
		Debug|Any CPU = Debug|Any CPU
		Release|Any CPU = Release|Any CPU
	EndGlobalSection
	GlobalSection(ProjectConfigurationPlatforms) = postSolution
		{58E38860-4FC0-4086-ADE7-4158C41E655E}.Debug|Any CPU.ActiveCfg = Debug|Any CPU
		{58E38860-4FC0-4086-ADE7-4158C41E655E}.Debug|Any CPU.Build.0 = Debug|Any CPU
		{58E38860-4FC0-4086-ADE7-4158C41E655E}.Release|Any CPU.ActiveCfg = Release|Any CPU
		{58E38860-4FC0-4086-ADE7-4158C41E655E}.Release|Any CPU.Build.0 = Release|Any CPU
	EndGlobalSection
	GlobalSection(SolutionProperties) = preSolution
		HideSolutionNode = FALSE
	EndGlobalSection
	GlobalSection(ExtensibilityGlobals) = postSolution
		SolutionGuid = {79B3EFB1-C7A3-490C-94CF-5DE832B2ABC3}
	EndGlobalSection
EndGlobal
