
Microsoft Visual Studio Solution File, Format Version 12.00
# Visual Studio Version 17
VisualStudioVersion = 17.2.32630.192
MinimumVisualStudioVersion = 10.0.40219.1
Project("{FAE04EC0-301F-11D3-BF4B-00C04F79EFBC}") = "FortBoult", "FortBoult\FortBoult.csproj", "{ED70864D-F56E-426F-A85E-FF8969386769}"
EndProject
Global
	GlobalSection(SolutionConfigurationPlatforms) = preSolution
		Debug|Any CPU = Debug|Any CPU
		Release|Any CPU = Release|Any CPU
	EndGlobalSection
	GlobalSection(ProjectConfigurationPlatforms) = postSolution
		{ED70864D-F56E-426F-A85E-FF8969386769}.Debug|Any CPU.ActiveCfg = Debug|Any CPU
		{ED70864D-F56E-426F-A85E-FF8969386769}.Debug|Any CPU.Build.0 = Debug|Any CPU
		{ED70864D-F56E-426F-A85E-FF8969386769}.Release|Any CPU.ActiveCfg = Release|Any CPU
		{ED70864D-F56E-426F-A85E-FF8969386769}.Release|Any CPU.Build.0 = Release|Any CPU
	EndGlobalSection
	GlobalSection(SolutionProperties) = preSolution
		HideSolutionNode = FALSE
	EndGlobalSection
	GlobalSection(ExtensibilityGlobals) = postSolution
		SolutionGuid = {2C5C4DE3-9762-4E23-8FB1-663CB67D9C9B}
	EndGlobalSection
EndGlobal
