
Microsoft Visual Studio Solution File, Format Version 12.00
# Visual Studio Version 17
VisualStudioVersion = 17.2.32630.192
MinimumVisualStudioVersion = 10.0.40219.1
Project("{FAE04EC0-301F-11D3-BF4B-00C04F79EFBC}") = "Generics", "Generics\Generics.csproj", "{76676BB5-FE06-48AD-AA2D-BACD0D03B004}"
EndProject
Global
	GlobalSection(SolutionConfigurationPlatforms) = preSolution
		Debug|Any CPU = Debug|Any CPU
		Release|Any CPU = Release|Any CPU
	EndGlobalSection
	GlobalSection(ProjectConfigurationPlatforms) = postSolution
		{76676BB5-FE06-48AD-AA2D-BACD0D03B004}.Debug|Any CPU.ActiveCfg = Debug|Any CPU
		{76676BB5-FE06-48AD-AA2D-BACD0D03B004}.Debug|Any CPU.Build.0 = Debug|Any CPU
		{76676BB5-FE06-48AD-AA2D-BACD0D03B004}.Release|Any CPU.ActiveCfg = Release|Any CPU
		{76676BB5-FE06-48AD-AA2D-BACD0D03B004}.Release|Any CPU.Build.0 = Release|Any CPU
	EndGlobalSection
	GlobalSection(SolutionProperties) = preSolution
		HideSolutionNode = FALSE
	EndGlobalSection
	GlobalSection(ExtensibilityGlobals) = postSolution
		SolutionGuid = {59335143-A9FC-4B93-8134-EB619C395FC5}
	EndGlobalSection
EndGlobal
