
Microsoft Visual Studio Solution File, Format Version 12.00
# Visual Studio Version 17
VisualStudioVersion = 17.2.32630.192
MinimumVisualStudioVersion = 10.0.40219.1
Project("{FAE04EC0-301F-11D3-BF4B-00C04F79EFBC}") = "26aug", "26aug\26aug.csproj", "{0F0B0CEA-E2B6-4612-B63C-490FAAEF7485}"
EndProject
Global
	GlobalSection(SolutionConfigurationPlatforms) = preSolution
		Debug|Any CPU = Debug|Any CPU
		Release|Any CPU = Release|Any CPU
	EndGlobalSection
	GlobalSection(ProjectConfigurationPlatforms) = postSolution
		{0F0B0CEA-E2B6-4612-B63C-490FAAEF7485}.Debug|Any CPU.ActiveCfg = Debug|Any CPU
		{0F0B0CEA-E2B6-4612-B63C-490FAAEF7485}.Debug|Any CPU.Build.0 = Debug|Any CPU
		{0F0B0CEA-E2B6-4612-B63C-490FAAEF7485}.Release|Any CPU.ActiveCfg = Release|Any CPU
		{0F0B0CEA-E2B6-4612-B63C-490FAAEF7485}.Release|Any CPU.Build.0 = Release|Any CPU
	EndGlobalSection
	GlobalSection(SolutionProperties) = preSolution
		HideSolutionNode = FALSE
	EndGlobalSection
	GlobalSection(ExtensibilityGlobals) = postSolution
		SolutionGuid = {24CD4AED-F3D0-4A9A-A5C4-BF4DF54F9185}
	EndGlobalSection
EndGlobal
