
Microsoft Visual Studio Solution File, Format Version 12.00
# Visual Studio Version 17
VisualStudioVersion = 17.2.32630.192
MinimumVisualStudioVersion = 10.0.40219.1
Project("{FAE04EC0-301F-11D3-BF4B-00C04F79EFBC}") = "day2", "day2\day2.csproj", "{6AE44FB7-868A-48E9-B249-A2E22BED2C0D}"
EndProject
Global
	GlobalSection(SolutionConfigurationPlatforms) = preSolution
		Debug|Any CPU = Debug|Any CPU
		Release|Any CPU = Release|Any CPU
	EndGlobalSection
	GlobalSection(ProjectConfigurationPlatforms) = postSolution
		{6AE44FB7-868A-48E9-B249-A2E22BED2C0D}.Debug|Any CPU.ActiveCfg = Debug|Any CPU
		{6AE44FB7-868A-48E9-B249-A2E22BED2C0D}.Debug|Any CPU.Build.0 = Debug|Any CPU
		{6AE44FB7-868A-48E9-B249-A2E22BED2C0D}.Release|Any CPU.ActiveCfg = Release|Any CPU
		{6AE44FB7-868A-48E9-B249-A2E22BED2C0D}.Release|Any CPU.Build.0 = Release|Any CPU
	EndGlobalSection
	GlobalSection(SolutionProperties) = preSolution
		HideSolutionNode = FALSE
	EndGlobalSection
	GlobalSection(ExtensibilityGlobals) = postSolution
		SolutionGuid = {455522B0-907A-4CB6-8DAE-854D1425F835}
	EndGlobalSection
EndGlobal
