
Microsoft Visual Studio Solution File, Format Version 12.00
# Visual Studio Version 17
VisualStudioVersion = 17.2.32630.192
MinimumVisualStudioVersion = 10.0.40219.1
Project("{FAE04EC0-301F-11D3-BF4B-00C04F79EFBC}") = "speedinkm", "speedinkm\speedinkm.csproj", "{1C7C9ADC-E5FB-4B6A-98DD-9CD95E310C40}"
EndProject
Global
	GlobalSection(SolutionConfigurationPlatforms) = preSolution
		Debug|Any CPU = Debug|Any CPU
		Release|Any CPU = Release|Any CPU
	EndGlobalSection
	GlobalSection(ProjectConfigurationPlatforms) = postSolution
		{1C7C9ADC-E5FB-4B6A-98DD-9CD95E310C40}.Debug|Any CPU.ActiveCfg = Debug|Any CPU
		{1C7C9ADC-E5FB-4B6A-98DD-9CD95E310C40}.Debug|Any CPU.Build.0 = Debug|Any CPU
		{1C7C9ADC-E5FB-4B6A-98DD-9CD95E310C40}.Release|Any CPU.ActiveCfg = Release|Any CPU
		{1C7C9ADC-E5FB-4B6A-98DD-9CD95E310C40}.Release|Any CPU.Build.0 = Release|Any CPU
	EndGlobalSection
	GlobalSection(SolutionProperties) = preSolution
		HideSolutionNode = FALSE
	EndGlobalSection
	GlobalSection(ExtensibilityGlobals) = postSolution
		SolutionGuid = {AEE6A5A1-FA43-40E5-BD2E-FA6DA1A3FCDE}
	EndGlobalSection
EndGlobal
