
Microsoft Visual Studio Solution File, Format Version 12.00
# Visual Studio Version 17
VisualStudioVersion = 17.2.32630.192
MinimumVisualStudioVersion = 10.0.40219.1
Project("{FAE04EC0-301F-11D3-BF4B-00C04F79EFBC}") = "sample", "sample\sample.csproj", "{48C1176C-7928-4529-9E74-435E03EB15D1}"
EndProject
Global
	GlobalSection(SolutionConfigurationPlatforms) = preSolution
		Debug|Any CPU = Debug|Any CPU
		Release|Any CPU = Release|Any CPU
	EndGlobalSection
	GlobalSection(ProjectConfigurationPlatforms) = postSolution
		{48C1176C-7928-4529-9E74-435E03EB15D1}.Debug|Any CPU.ActiveCfg = Debug|Any CPU
		{48C1176C-7928-4529-9E74-435E03EB15D1}.Debug|Any CPU.Build.0 = Debug|Any CPU
		{48C1176C-7928-4529-9E74-435E03EB15D1}.Release|Any CPU.ActiveCfg = Release|Any CPU
		{48C1176C-7928-4529-9E74-435E03EB15D1}.Release|Any CPU.Build.0 = Release|Any CPU
	EndGlobalSection
	GlobalSection(SolutionProperties) = preSolution
		HideSolutionNode = FALSE
	EndGlobalSection
	GlobalSection(ExtensibilityGlobals) = postSolution
		SolutionGuid = {78B7FF51-D462-44F5-9FF7-26795F0C59D9}
	EndGlobalSection
EndGlobal
