
Microsoft Visual Studio Solution File, Format Version 12.00
# Visual Studio Version 17
VisualStudioVersion = 17.2.32630.192
MinimumVisualStudioVersion = 10.0.40219.1
Project("{FAE04EC0-301F-11D3-BF4B-00C04F79EFBC}") = "ex5", "ex5\ex5.csproj", "{3E99C91F-E718-4B24-8946-1E2BDFABF5E8}"
EndProject
Global
	GlobalSection(SolutionConfigurationPlatforms) = preSolution
		Debug|Any CPU = Debug|Any CPU
		Release|Any CPU = Release|Any CPU
	EndGlobalSection
	GlobalSection(ProjectConfigurationPlatforms) = postSolution
		{3E99C91F-E718-4B24-8946-1E2BDFABF5E8}.Debug|Any CPU.ActiveCfg = Debug|Any CPU
		{3E99C91F-E718-4B24-8946-1E2BDFABF5E8}.Debug|Any CPU.Build.0 = Debug|Any CPU
		{3E99C91F-E718-4B24-8946-1E2BDFABF5E8}.Release|Any CPU.ActiveCfg = Release|Any CPU
		{3E99C91F-E718-4B24-8946-1E2BDFABF5E8}.Release|Any CPU.Build.0 = Release|Any CPU
	EndGlobalSection
	GlobalSection(SolutionProperties) = preSolution
		HideSolutionNode = FALSE
	EndGlobalSection
	GlobalSection(ExtensibilityGlobals) = postSolution
		SolutionGuid = {FD6EE851-7427-4817-9E1A-F048021BDCE7}
	EndGlobalSection
EndGlobal
