
Microsoft Visual Studio Solution File, Format Version 12.00
# Visual Studio Version 17
VisualStudioVersion = 17.2.32630.192
MinimumVisualStudioVersion = 10.0.40219.1
Project("{FAE04EC0-301F-11D3-BF4B-00C04F79EFBC}") = "heightrange", "heightrange\heightrange.csproj", "{23A953CD-3F9B-408D-908E-595BA777D955}"
EndProject
Global
	GlobalSection(SolutionConfigurationPlatforms) = preSolution
		Debug|Any CPU = Debug|Any CPU
		Release|Any CPU = Release|Any CPU
	EndGlobalSection
	GlobalSection(ProjectConfigurationPlatforms) = postSolution
		{23A953CD-3F9B-408D-908E-595BA777D955}.Debug|Any CPU.ActiveCfg = Debug|Any CPU
		{23A953CD-3F9B-408D-908E-595BA777D955}.Debug|Any CPU.Build.0 = Debug|Any CPU
		{23A953CD-3F9B-408D-908E-595BA777D955}.Release|Any CPU.ActiveCfg = Release|Any CPU
		{23A953CD-3F9B-408D-908E-595BA777D955}.Release|Any CPU.Build.0 = Release|Any CPU
	EndGlobalSection
	GlobalSection(SolutionProperties) = preSolution
		HideSolutionNode = FALSE
	EndGlobalSection
	GlobalSection(ExtensibilityGlobals) = postSolution
		SolutionGuid = {C30ACAD6-167B-4C32-A6C9-206F45DEE3A0}
	EndGlobalSection
EndGlobal
